
Microsoft Visual Studio Solution File, Format Version 12.00
# Visual Studio 15
VisualStudioVersion = 15.0.27703.2026
MinimumVisualStudioVersion = 10.0.40219.1
Project("{9A19103F-16F7-4668-BE54-9A1E7A4F7556}") = "UltimateTicTacToeWeb", "UltimateTicTacToeWeb\UltimateTicTacToeWeb.csproj", "{4F2C51F6-5950-473D-9D17-DB7E2625713D}"
EndProject
Project("{FAE04EC0-301F-11D3-BF4B-00C04F79EFBC}") = "UltimateTicTacToeWebTests", "UltimateTicTacToeWebTests\UltimateTicTacToeWebTests.csproj", "{EBA59F16-FFA2-44D8-87EE-54E82A783124}"
EndProject
Global
	GlobalSection(SolutionConfigurationPlatforms) = preSolution
		Debug|Any CPU = Debug|Any CPU
		Release|Any CPU = Release|Any CPU
	EndGlobalSection
	GlobalSection(ProjectConfigurationPlatforms) = postSolution
		{4F2C51F6-5950-473D-9D17-DB7E2625713D}.Debug|Any CPU.ActiveCfg = Debug|Any CPU
		{4F2C51F6-5950-473D-9D17-DB7E2625713D}.Debug|Any CPU.Build.0 = Debug|Any CPU
		{4F2C51F6-5950-473D-9D17-DB7E2625713D}.Release|Any CPU.ActiveCfg = Release|Any CPU
		{4F2C51F6-5950-473D-9D17-DB7E2625713D}.Release|Any CPU.Build.0 = Release|Any CPU
		{EBA59F16-FFA2-44D8-87EE-54E82A783124}.Debug|Any CPU.ActiveCfg = Debug|Any CPU
		{EBA59F16-FFA2-44D8-87EE-54E82A783124}.Debug|Any CPU.Build.0 = Debug|Any CPU
		{EBA59F16-FFA2-44D8-87EE-54E82A783124}.Release|Any CPU.ActiveCfg = Release|Any CPU
		{EBA59F16-FFA2-44D8-87EE-54E82A783124}.Release|Any CPU.Build.0 = Release|Any CPU
	EndGlobalSection
	GlobalSection(SolutionProperties) = preSolution
		HideSolutionNode = FALSE
	EndGlobalSection
	GlobalSection(ExtensibilityGlobals) = postSolution
		SolutionGuid = {50E98472-322A-4E24-8CF1-1112FAC080A4}
	EndGlobalSection
EndGlobal
